// !$*UTF8*$!
{
	archiveVersion = 1;
	classes = {
	};
	objectVersion = 46;
	objects = {

/* Begin PBXBuildFile section */
		3021A3211B59B46600A2628A /* AppDelegate.swift in Sources */ = {isa = PBXBuildFile; fileRef = 3021A3201B59B46600A2628A /* AppDelegate.swift */; };
		3021A3231B59B46600A2628A /* MasterViewController.swift in Sources */ = {isa = PBXBuildFile; fileRef = 3021A3221B59B46600A2628A /* MasterViewController.swift */; };
		3021A3251B59B46600A2628A /* DetailViewController.swift in Sources */ = {isa = PBXBuildFile; fileRef = 3021A3241B59B46600A2628A /* DetailViewController.swift */; };
		3021A3281B59B46600A2628A /* Main.storyboard in Resources */ = {isa = PBXBuildFile; fileRef = 3021A3261B59B46600A2628A /* Main.storyboard */; };
		3021A32A1B59B46600A2628A /* Images.xcassets in Resources */ = {isa = PBXBuildFile; fileRef = 3021A3291B59B46600A2628A /* Images.xcassets */; };
		3021A32D1B59B46600A2628A /* LaunchScreen.xib in Resources */ = {isa = PBXBuildFile; fileRef = 3021A32B1B59B46600A2628A /* LaunchScreen.xib */; };
		3021A3391B59B46600A2628A /* Project_1Tests.swift in Sources */ = {isa = PBXBuildFile; fileRef = 3021A3381B59B46600A2628A /* Project_1Tests.swift */; };
/* End PBXBuildFile section */

/* Begin PBXContainerItemProxy section */
		3021A3331B59B46600A2628A /* PBXContainerItemProxy */ = {
			isa = PBXContainerItemProxy;
			containerPortal = 3021A3131B59B46600A2628A /* Project object */;
			proxyType = 1;
			remoteGlobalIDString = 3021A31A1B59B46600A2628A;
			remoteInfo = "Project 1";
		};
/* End PBXContainerItemProxy section */

/* Begin PBXFileReference section */
		3021A31B1B59B46600A2628A /* Project 1.app */ = {isa = PBXFileReference; explicitFileType = wrapper.application; includeInIndex = 0; path = "Project 1.app"; sourceTree = BUILT_PRODUCTS_DIR; };
		3021A31F1B59B46600A2628A /* Info.plist */ = {isa = PBXFileReference; lastKnownFileType = text.plist.xml; path = Info.plist; sourceTree = "<group>"; };
		3021A3201B59B46600A2628A /* AppDelegate.swift */ = {isa = PBXFileReference; lastKnownFileType = sourcecode.swift; path = AppDelegate.swift; sourceTree = "<group>"; };
		3021A3221B59B46600A2628A /* MasterViewController.swift */ = {isa = PBXFileReference; lastKnownFileType = sourcecode.swift; path = MasterViewController.swift; sourceTree = "<group>"; };
		3021A3241B59B46600A2628A /* DetailViewController.swift */ = {isa = PBXFileReference; lastKnownFileType = sourcecode.swift; path = DetailViewController.swift; sourceTree = "<group>"; };
		3021A3271B59B46600A2628A /* Base */ = {isa = PBXFileReference; lastKnownFileType = file.storyboard; name = Base; path = Base.lproj/Main.storyboard; sourceTree = "<group>"; };
		3021A3291B59B46600A2628A /* Images.xcassets */ = {isa = PBXFileReference; lastKnownFileType = folder.assetcatalog; path = Images.xcassets; sourceTree = "<group>"; };
		3021A32C1B59B46600A2628A /* Base */ = {isa = PBXFileReference; lastKnownFileType = file.xib; name = Base; path = Base.lproj/LaunchScreen.xib; sourceTree = "<group>"; };
		3021A3321B59B46600A2628A /* Project 1Tests.xctest */ = {isa = PBXFileReference; explicitFileType = wrapper.cfbundle; includeInIndex = 0; path = "Project 1Tests.xctest"; sourceTree = BUILT_PRODUCTS_DIR; };
		3021A3371B59B46600A2628A /* Info.plist */ = {isa = PBXFileReference; lastKnownFileType = text.plist.xml; path = Info.plist; sourceTree = "<group>"; };
		3021A3381B59B46600A2628A /* Project_1Tests.swift */ = {isa = PBXFileReference; lastKnownFileType = sourcecode.swift; path = Project_1Tests.swift; sourceTree = "<group>"; };
/* End PBXFileReference section */

/* Begin PBXFrameworksBuildPhase section */
		3021A3181B59B46600A2628A /* Frameworks */ = {
			isa = PBXFrameworksBuildPhase;
			buildActionMask = 2147483647;
			files = (
			);
			runOnlyForDeploymentPostprocessing = 0;
		};
		3021A32F1B59B46600A2628A /* Frameworks */ = {
			isa = PBXFrameworksBuildPhase;
			buildActionMask = 2147483647;
			files = (
			);
			runOnlyForDeploymentPostprocessing = 0;
		};
/* End PBXFrameworksBuildPhase section */

/* Begin PBXGroup section */
		3021A3121B59B46600A2628A = {
			isa = PBXGroup;
			children = (
				3021A31D1B59B46600A2628A /* Project 1 */,
				3021A3351B59B46600A2628A /* Project 1Tests */,
				3021A31C1B59B46600A2628A /* Products */,
			);
			sourceTree = "<group>";
		};
		3021A31C1B59B46600A2628A /* Products */ = {
			isa = PBXGroup;
			children = (
				3021A31B1B59B46600A2628A /* Project 1.app */,
				3021A3321B59B46600A2628A /* Project 1Tests.xctest */,
			);
			name = Products;
			sourceTree = "<group>";
		};
		3021A31D1B59B46600A2628A /* Project 1 */ = {
			isa = PBXGroup;
			children = (
				3021A3201B59B46600A2628A /* AppDelegate.swift */,
				3021A3221B59B46600A2628A /* MasterViewController.swift */,
				3021A3241B59B46600A2628A /* DetailViewController.swift */,
				3021A3261B59B46600A2628A /* Main.storyboard */,
				3021A3291B59B46600A2628A /* Images.xcassets */,
				3021A32B1B59B46600A2628A /* LaunchScreen.xib */,
				3021A31E1B59B46600A2628A /* Supporting Files */,
			);
			path = "Project 1";
			sourceTree = "<group>";
		};
		3021A31E1B59B46600A2628A /* Supporting Files */ = {
			isa = PBXGroup;
			children = (
				3021A31F1B59B46600A2628A /* Info.plist */,
			);
			name = "Supporting Files";
			sourceTree = "<group>";
		};
		3021A3351B59B46600A2628A /* Project 1Tests */ = {
			isa = PBXGroup;
			children = (
				3021A3381B59B46600A2628A /* Project_1Tests.swift */,
				3021A3361B59B46600A2628A /* Supporting Files */,
			);
			path = "Project 1Tests";
			sourceTree = "<group>";
		};
		3021A3361B59B46600A2628A /* Supporting Files */ = {
			isa = PBXGroup;
			children = (
				3021A3371B59B46600A2628A /* Info.plist */,
			);
			name = "Supporting Files";
			sourceTree = "<group>";
		};
/* End PBXGroup section */

/* Begin PBXNativeTarget section */
		3021A31A1B59B46600A2628A /* Project 1 */ = {
			isa = PBXNativeTarget;
			buildConfigurationList = 3021A33C1B59B46600A2628A /* Build configuration list for PBXNativeTarget "Project 1" */;
			buildPhases = (
				3021A3171B59B46600A2628A /* Sources */,
				3021A3181B59B46600A2628A /* Frameworks */,
				3021A3191B59B46600A2628A /* Resources */,
			);
			buildRules = (
			);
			dependencies = (
			);
			name = "Project 1";
			productName = "Project 1";
			productReference = 3021A31B1B59B46600A2628A /* Project 1.app */;
			productType = "com.apple.product-type.application";
		};
		3021A3311B59B46600A2628A /* Project 1Tests */ = {
			isa = PBXNativeTarget;
			buildConfigurationList = 3021A33F1B59B46600A2628A /* Build configuration list for PBXNativeTarget "Project 1Tests" */;
			buildPhases = (
				3021A32E1B59B46600A2628A /* Sources */,
				3021A32F1B59B46600A2628A /* Frameworks */,
				3021A3301B59B46600A2628A /* Resources */,
			);
			buildRules = (
			);
			dependencies = (
				3021A3341B59B46600A2628A /* PBXTargetDependency */,
			);
			name = "Project 1Tests";
			productName = "Project 1Tests";
			productReference = 3021A3321B59B46600A2628A /* Project 1Tests.xctest */;
			productType = "com.apple.product-type.bundle.unit-test";
		};
/* End PBXNativeTarget section */

/* Begin PBXProject section */
		3021A3131B59B46600A2628A /* Project object */ = {
			isa = PBXProject;
			attributes = {
				LastUpgradeCheck = 0640;
				ORGANIZATIONNAME = "Nolan Flatt";
				TargetAttributes = {
					3021A31A1B59B46600A2628A = {
						CreatedOnToolsVersion = 6.4;
					};
					3021A3311B59B46600A2628A = {
						CreatedOnToolsVersion = 6.4;
						TestTargetID = 3021A31A1B59B46600A2628A;
					};
				};
			};
			buildConfigurationList = 3021A3161B59B46600A2628A /* Build configuration list for PBXProject "Project 1" */;
			compatibilityVersion = "Xcode 3.2";
			developmentRegion = English;
			hasScannedForEncodings = 0;
			knownRegions = (
				en,
				Base,
			);
			mainGroup = 3021A3121B59B46600A2628A;
			productRefGroup = 3021A31C1B59B46600A2628A /* Products */;
			projectDirPath = "";
			projectRoot = "";
			targets = (
				3021A31A1B59B46600A2628A /* Project 1 */,
				3021A3311B59B46600A2628A /* Project 1Tests */,
			);
		};
/* End PBXProject section */

/* Begin PBXResourcesBuildPhase section */
		3021A3191B59B46600A2628A /* Resources */ = {
			isa = PBXResourcesBuildPhase;
			buildActionMask = 2147483647;
			files = (
				3021A3281B59B46600A2628A /* Main.storyboard in Resources */,
				3021A32D1B59B46600A2628A /* LaunchScreen.xib in Resources */,
				3021A32A1B59B46600A2628A /* Images.xcassets in Resources */,
			);
			runOnlyForDeploymentPostprocessing = 0;
		};
		3021A3301B59B46600A2628A /* Resources */ = {
			isa = PBXResourcesBuildPhase;
			buildActionMask = 2147483647;
			files = (
			);
			runOnlyForDeploymentPostprocessing = 0;
		};
/* End PBXResourcesBuildPhase section */

/* Begin PBXSourcesBuildPhase section */
		3021A3171B59B46600A2628A /* Sources */ = {
			isa = PBXSourcesBuildPhase;
			buildActionMask = 2147483647;
			files = (
				3021A3251B59B46600A2628A /* DetailViewController.swift in Sources */,
				3021A3231B59B46600A2628A /* MasterViewController.swift in Sources */,
				3021A3211B59B46600A2628A /* AppDelegate.swift in Sources */,
			);
			runOnlyForDeploymentPostprocessing = 0;
		};
		3021A32E1B59B46600A2628A /* Sources */ = {
			isa = PBXSourcesBuildPhase;
			buildActionMask = 2147483647;
			files = (
				3021A3391B59B46600A2628A /* Project_1Tests.swift in Sources */,
			);
			runOnlyForDeploymentPostprocessing = 0;
		};
/* End PBXSourcesBuildPhase section */

/* Begin PBXTargetDependency section */
		3021A3341B59B46600A2628A /* PBXTargetDependency */ = {
			isa = PBXTargetDependency;
			target = 3021A31A1B59B46600A2628A /* Project 1 */;
			targetProxy = 3021A3331B59B46600A2628A /* PBXContainerItemProxy */;
		};
/* End PBXTargetDependency section */

/* Begin PBXVariantGroup section */
		3021A3261B59B46600A2628A /* Main.storyboard */ = {
			isa = PBXVariantGroup;
			children = (
				3021A3271B59B46600A2628A /* Base */,
			);
			name = Main.storyboard;
			sourceTree = "<group>";
		};
		3021A32B1B59B46600A2628A /* LaunchScreen.xib */ = {
			isa = PBXVariantGroup;
			children = (
				3021A32C1B59B46600A2628A /* Base */,
			);
			name = LaunchScreen.xib;
			sourceTree = "<group>";
		};
/* End PBXVariantGroup section */

/* Begin XCBuildConfiguration section */
		3021A33A1B59B46600A2628A /* Debug */ = {
			isa = XCBuildConfiguration;
			buildSettings = {
				ALWAYS_SEARCH_USER_PATHS = NO;
				CLANG_CXX_LANGUAGE_STANDARD = "gnu++0x";
				CLANG_CXX_LIBRARY = "libc++";
				CLANG_ENABLE_MODULES = YES;
				CLANG_ENABLE_OBJC_ARC = YES;
				CLANG_WARN_BOOL_CONVERSION = YES;
				CLANG_WARN_CONSTANT_CONVERSION = YES;
				CLANG_WARN_DIRECT_OBJC_ISA_USAGE = YES_ERROR;
				CLANG_WARN_EMPTY_BODY = YES;
				CLANG_WARN_ENUM_CONVERSION = YES;
				CLANG_WARN_INT_CONVERSION = YES;
				CLANG_WARN_OBJC_ROOT_CLASS = YES_ERROR;
				CLANG_WARN_UNREACHABLE_CODE = YES;
				CLANG_WARN__DUPLICATE_METHOD_MATCH = YES;
				"CODE_SIGN_IDENTITY[sdk=iphoneos*]" = "iPhone Developer";
				COPY_PHASE_STRIP = NO;
				DEBUG_INFORMATION_FORMAT = "dwarf-with-dsym";
				ENABLE_STRICT_OBJC_MSGSEND = YES;
				GCC_C_LANGUAGE_STANDARD = gnu99;
				GCC_DYNAMIC_NO_PIC = NO;
				GCC_NO_COMMON_BLOCKS = YES;
				GCC_OPTIMIZATION_LEVEL = 0;
				GCC_PREPROCESSOR_DEFINITIONS = (
					"DEBUG=1",
					"$(inherited)",
				);
				GCC_SYMBOLS_PRIVATE_EXTERN = NO;
				GCC_WARN_64_TO_32_BIT_CONVERSION = YES;
				GCC_WARN_ABOUT_RETURN_TYPE = YES_ERROR;
				GCC_WARN_UNDECLARED_SELECTOR = YES;
				GCC_WARN_UNINITIALIZED_AUTOS = YES_AGGRESSIVE;
				GCC_WARN_UNUSED_FUNCTION = YES;
				GCC_WARN_UNUSED_VARIABLE = YES;
				IPHONEOS_DEPLOYMENT_TARGET = 8.4;
				MTL_ENABLE_DEBUG_INFO = YES;
				ONLY_ACTIVE_ARCH = YES;
				SDKROOT = iphoneos;
				SWIFT_OPTIMIZATION_LEVEL = "-Onone";
			};
			name = Debug;
		};
		3021A33B1B59B46600A2628A /* Release */ = {
			isa = XCBuildConfiguration;
			buildSettings = {
				ALWAYS_SEARCH_USER_PATHS = NO;
				CLANG_CXX_LANGUAGE_STANDARD = "gnu++0x";
				CLANG_CXX_LIBRARY = "libc++";
				CLANG_ENABLE_MODULES = YES;
				CLANG_ENABLE_OBJC_ARC = YES;
				CLANG_WARN_BOOL_CONVERSION = YES;
				CLANG_WARN_CONSTANT_CONVERSION = YES;
				CLANG_WARN_DIRECT_OBJC_ISA_USAGE = YES_ERROR;
				CLANG_WARN_EMPTY_BODY = YES;
				CLANG_WARN_ENUM_CONVERSION = YES;
				CLANG_WARN_INT_CONVERSION = YES;
				CLANG_WARN_OBJC_ROOT_CLASS = YES_ERROR;
				CLANG_WARN_UNREACHABLE_CODE = YES;
				CLANG_WARN__DUPLICATE_METHOD_MATCH = YES;
				"CODE_SIGN_IDENTITY[sdk=iphoneos*]" = "iPhone Developer";
				COPY_PHASE_STRIP = NO;
				DEBUG_INFORMATION_FORMAT = "dwarf-with-dsym";
				ENABLE_NS_ASSERTIONS = NO;
				ENABLE_STRICT_OBJC_MSGSEND = YES;
				GCC_C_LANGUAGE_STANDARD = gnu99;
				GCC_NO_COMMON_BLOCKS = YES;
				GCC_WARN_64_TO_32_BIT_CONVERSION = YES;
				GCC_WARN_ABOUT_RETURN_TYPE = YES_ERROR;
				GCC_WARN_UNDECLARED_SELECTOR = YES;
				GCC_WARN_UNINITIALIZED_AUTOS = YES_AGGRESSIVE;
				GCC_WARN_UNUSED_FUNCTION = YES;
				GCC_WARN_UNUSED_VARIABLE = YES;
				IPHONEOS_DEPLOYMENT_TARGET = 8.4;
				MTL_ENABLE_DEBUG_INFO = NO;
				SDKROOT = iphoneos;
				VALIDATE_PRODUCT = YES;
			};
			name = Release;
		};
		3021A33D1B59B46600A2628A /* Debug */ = {
			isa = XCBuildConfiguration;
			buildSettings = {
				ASSETCATALOG_COMPILER_APPICON_NAME = AppIcon;
				INFOPLIST_FILE = "Project 1/Info.plist";
				LD_RUNPATH_SEARCH_PATHS = "$(inherited) @executable_path/Frameworks";
				PRODUCT_NAME = "$(TARGET_NAME)";
			};
			name = Debug;
		};
		3021A33E1B59B46600A2628A /* Release */ = {
			isa = XCBuildConfiguration;
			buildSettings = {
				ASSETCATALOG_COMPILER_APPICON_NAME = AppIcon;
				INFOPLIST_FILE = "Project 1/Info.plist";
				LD_RUNPATH_SEARCH_PATHS = "$(inherited) @executable_path/Frameworks";
				PRODUCT_NAME = "$(TARGET_NAME)";
			};
			name = Release;
		};
		3021A3401B59B46600A2628A /* Debug */ = {
			isa = XCBuildConfiguration;
			buildSettings = {
				BUNDLE_LOADER = "$(TEST_HOST)";
				FRAMEWORK_SEARCH_PATHS = (
					"$(SDKROOT)/Developer/Library/Frameworks",
					"$(inherited)",
				);
				GCC_PREPROCESSOR_DEFINITIONS = (
					"DEBUG=1",
					"$(inherited)",
				);
				INFOPLIST_FILE = "Project 1Tests/Info.plist";
				LD_RUNPATH_SEARCH_PATHS = "$(inherited) @executable_path/Frameworks @loader_path/Frameworks";
				PRODUCT_NAME = "$(TARGET_NAME)";
				TEST_HOST = "$(BUILT_PRODUCTS_DIR)/Project 1.app/Project 1";
			};
			name = Debug;
		};
		3021A3411B59B46600A2628A /* Release */ = {
			isa = XCBuildConfiguration;
			buildSettings = {
				BUNDLE_LOADER = "$(TEST_HOST)";
				FRAMEWORK_SEARCH_PATHS = (
					"$(SDKROOT)/Developer/Library/Frameworks",
					"$(inherited)",
				);
				INFOPLIST_FILE = "Project 1Tests/Info.plist";
				LD_RUNPATH_SEARCH_PATHS = "$(inherited) @executable_path/Frameworks @loader_path/Frameworks";
				PRODUCT_NAME = "$(TARGET_NAME)";
				TEST_HOST = "$(BUILT_PRODUCTS_DIR)/Project 1.app/Project 1";
			};
			name = Release;
		};
/* End XCBuildConfiguration section */

/* Begin XCConfigurationList section */
		3021A3161B59B46600A2628A /* Build configuration list for PBXProject "Project 1" */ = {
			isa = XCConfigurationList;
			buildConfigurations = (
				3021A33A1B59B46600A2628A /* Debug */,
				3021A33B1B59B46600A2628A /* Release */,
			);
			defaultConfigurationIsVisible = 0;
			defaultConfigurationName = Release;
		};
		3021A33C1B59B46600A2628A /* Build configuration list for PBXNativeTarget "Project 1" */ = {
			isa = XCConfigurationList;
			buildConfigurations = (
				3021A33D1B59B46600A2628A /* Debug */,
				3021A33E1B59B46600A2628A /* Release */,
			);
			defaultConfigurationIsVisible = 0;
		};
		3021A33F1B59B46600A2628A /* Build configuration list for PBXNativeTarget "Project 1Tests" */ = {
			isa = XCConfigurationList;
			buildConfigurations = (
				3021A3401B59B46600A2628A /* Debug */,
				3021A3411B59B46600A2628A /* Release */,
			);
			defaultConfigurationIsVisible = 0;
		};
/* End XCConfigurationList section */
	};
	rootObject = 3021A3131B59B46600A2628A /* Project object */;
}
